
Microsoft Visual Studio Solution File, Format Version 12.00
# Visual Studio Version 17
VisualStudioVersion = 17.5.33516.290
MinimumVisualStudioVersion = 10.0.40219.1
Project("{FAE04EC0-301F-11D3-BF4B-00C04F79EFBC}") = "AdaptToChange", "AdaptToChanges\AdaptToChange.csproj", "{3701C99D-E3B3-40DA-9842-C357F52F52A6}"
EndProject
Global
	GlobalSection(SolutionConfigurationPlatforms) = preSolution
		Debug|Any CPU = Debug|Any CPU
		Release|Any CPU = Release|Any CPU
	EndGlobalSection
	GlobalSection(ProjectConfigurationPlatforms) = postSolution
		{3701C99D-E3B3-40DA-9842-C357F52F52A6}.Debug|Any CPU.ActiveCfg = Debug|Any CPU
		{3701C99D-E3B3-40DA-9842-C357F52F52A6}.Debug|Any CPU.Build.0 = Debug|Any CPU
		{3701C99D-E3B3-40DA-9842-C357F52F52A6}.Release|Any CPU.ActiveCfg = Release|Any CPU
		{3701C99D-E3B3-40DA-9842-C357F52F52A6}.Release|Any CPU.Build.0 = Release|Any CPU
	EndGlobalSection
	GlobalSection(SolutionProperties) = preSolution
		HideSolutionNode = FALSE
	EndGlobalSection
	GlobalSection(ExtensibilityGlobals) = postSolution
		SolutionGuid = {B3857532-D62D-4823-A653-E853DF7E8DBE}
	EndGlobalSection
EndGlobal
