
Microsoft Visual Studio Solution File, Format Version 12.00
# Visual Studio Version 17
VisualStudioVersion = 17.5.33516.290
MinimumVisualStudioVersion = 10.0.40219.1
Project("{FAE04EC0-301F-11D3-BF4B-00C04F79EFBC}") = "AdaptToChange", "AdaptToChange\AdaptToChange.csproj", "{62C9B8BA-C90D-4A28-BBB5-93D5E939EE87}"
EndProject
Global
	GlobalSection(SolutionConfigurationPlatforms) = preSolution
		Debug|Any CPU = Debug|Any CPU
		Release|Any CPU = Release|Any CPU
	EndGlobalSection
	GlobalSection(ProjectConfigurationPlatforms) = postSolution
		{62C9B8BA-C90D-4A28-BBB5-93D5E939EE87}.Debug|Any CPU.ActiveCfg = Debug|Any CPU
		{62C9B8BA-C90D-4A28-BBB5-93D5E939EE87}.Debug|Any CPU.Build.0 = Debug|Any CPU
		{62C9B8BA-C90D-4A28-BBB5-93D5E939EE87}.Release|Any CPU.ActiveCfg = Release|Any CPU
		{62C9B8BA-C90D-4A28-BBB5-93D5E939EE87}.Release|Any CPU.Build.0 = Release|Any CPU
	EndGlobalSection
	GlobalSection(SolutionProperties) = preSolution
		HideSolutionNode = FALSE
	EndGlobalSection
	GlobalSection(ExtensibilityGlobals) = postSolution
		SolutionGuid = {B3857532-D62D-4823-A653-E853DF7E8DBE}
	EndGlobalSection
EndGlobal
